
Microsoft Visual Studio Solution File, Format Version 12.00
# Visual Studio Version 16
VisualStudioVersion = 16.0.37027.11
MinimumVisualStudioVersion = 10.0.40219.1
Project("{FAE04EC0-301F-11D3-BF4B-00C04F79EFBC}") = "Lab4.1", "Lab4.1\Lab4.1.csproj", "{57A802AC-A8E4-4BBF-81EA-BED6C130DE3B}"
EndProject
Global
	GlobalSection(SolutionConfigurationPlatforms) = preSolution
		Debug|Any CPU = Debug|Any CPU
		Release|Any CPU = Release|Any CPU
	EndGlobalSection
	GlobalSection(ProjectConfigurationPlatforms) = postSolution
		{57A802AC-A8E4-4BBF-81EA-BED6C130DE3B}.Debug|Any CPU.ActiveCfg = Debug|Any CPU
		{57A802AC-A8E4-4BBF-81EA-BED6C130DE3B}.Debug|Any CPU.Build.0 = Debug|Any CPU
		{57A802AC-A8E4-4BBF-81EA-BED6C130DE3B}.Release|Any CPU.ActiveCfg = Release|Any CPU
		{57A802AC-A8E4-4BBF-81EA-BED6C130DE3B}.Release|Any CPU.Build.0 = Release|Any CPU
	EndGlobalSection
	GlobalSection(SolutionProperties) = preSolution
		HideSolutionNode = FALSE
	EndGlobalSection
	GlobalSection(ExtensibilityGlobals) = postSolution
		SolutionGuid = {FD2DE5C7-D6E9-4ED4-9DB5-27453A940F7F}
	EndGlobalSection
EndGlobal
