
Microsoft Visual Studio Solution File, Format Version 12.00
# Visual Studio Version 16
VisualStudioVersion = 16.0.37027.11
MinimumVisualStudioVersion = 10.0.40219.1
Project("{FAE04EC0-301F-11D3-BF4B-00C04F79EFBC}") = "lab1", "lab1\lab1.csproj", "{8C185E05-53DE-44F0-B98D-674950D4AB2E}"
EndProject
Global
	GlobalSection(SolutionConfigurationPlatforms) = preSolution
		Debug|Any CPU = Debug|Any CPU
		Release|Any CPU = Release|Any CPU
	EndGlobalSection
	GlobalSection(ProjectConfigurationPlatforms) = postSolution
		{8C185E05-53DE-44F0-B98D-674950D4AB2E}.Debug|Any CPU.ActiveCfg = Debug|Any CPU
		{8C185E05-53DE-44F0-B98D-674950D4AB2E}.Debug|Any CPU.Build.0 = Debug|Any CPU
		{8C185E05-53DE-44F0-B98D-674950D4AB2E}.Release|Any CPU.ActiveCfg = Release|Any CPU
		{8C185E05-53DE-44F0-B98D-674950D4AB2E}.Release|Any CPU.Build.0 = Release|Any CPU
	EndGlobalSection
	GlobalSection(SolutionProperties) = preSolution
		HideSolutionNode = FALSE
	EndGlobalSection
	GlobalSection(ExtensibilityGlobals) = postSolution
		SolutionGuid = {54E9DB1D-41B3-49E3-A1D6-0FCA3E43E177}
	EndGlobalSection
EndGlobal
